
Microsoft Visual Studio Solution File, Format Version 12.00
# Visual Studio 14
VisualStudioVersion = 14.0.25420.1
MinimumVisualStudioVersion = 10.0.40219.1
Project("{FAE04EC0-301F-11D3-BF4B-00C04F79EFBC}") = "LinQ", "LinQ\LinQ.csproj", "{AF67E273-1405-413C-8B44-CF8737FE01E1}"
EndProject
Global
	GlobalSection(SolutionConfigurationPlatforms) = preSolution
		Debug|Any CPU = Debug|Any CPU
		Release|Any CPU = Release|Any CPU
	EndGlobalSection
	GlobalSection(ProjectConfigurationPlatforms) = postSolution
		{AF67E273-1405-413C-8B44-CF8737FE01E1}.Debug|Any CPU.ActiveCfg = Debug|Any CPU
		{AF67E273-1405-413C-8B44-CF8737FE01E1}.Debug|Any CPU.Build.0 = Debug|Any CPU
		{AF67E273-1405-413C-8B44-CF8737FE01E1}.Release|Any CPU.ActiveCfg = Release|Any CPU
		{AF67E273-1405-413C-8B44-CF8737FE01E1}.Release|Any CPU.Build.0 = Release|Any CPU
	EndGlobalSection
	GlobalSection(SolutionProperties) = preSolution
		HideSolutionNode = FALSE
	EndGlobalSection
EndGlobal
